
Microsoft Visual Studio Solution File, Format Version 12.00
# Visual Studio Version 17
VisualStudioVersion = 17.0.31903.59
MinimumVisualStudioVersion = 10.0.40219.1
Project("{FAE04EC0-301F-11D3-BF4B-00C04F79EFBC}") = "Order", "Order\Order.csproj", "{61D21BC0-E73D-4F1B-A6E1-08A5A2A0528F}"
EndProject
Project("{FAE04EC0-301F-11D3-BF4B-00C04F79EFBC}") = "Payment", "Payment\Payment.csproj", "{98F6A419-AA35-4BFF-83D2-64F46130C5E5}"
EndProject
Project("{FAE04EC0-301F-11D3-BF4B-00C04F79EFBC}") = "ShoppingCart", "ShoppingCart\ShoppingCart.csproj", "{83E83A06-90D3-44AE-AE16-DBAB861229B5}"
EndProject
Global
	GlobalSection(SolutionConfigurationPlatforms) = preSolution
		Debug|Any CPU = Debug|Any CPU
		Release|Any CPU = Release|Any CPU
	EndGlobalSection
	GlobalSection(SolutionProperties) = preSolution
		HideSolutionNode = FALSE
	EndGlobalSection
	GlobalSection(ProjectConfigurationPlatforms) = postSolution
		{61D21BC0-E73D-4F1B-A6E1-08A5A2A0528F}.Debug|Any CPU.ActiveCfg = Debug|Any CPU
		{61D21BC0-E73D-4F1B-A6E1-08A5A2A0528F}.Debug|Any CPU.Build.0 = Debug|Any CPU
		{61D21BC0-E73D-4F1B-A6E1-08A5A2A0528F}.Release|Any CPU.ActiveCfg = Release|Any CPU
		{61D21BC0-E73D-4F1B-A6E1-08A5A2A0528F}.Release|Any CPU.Build.0 = Release|Any CPU
		{98F6A419-AA35-4BFF-83D2-64F46130C5E5}.Debug|Any CPU.ActiveCfg = Debug|Any CPU
		{98F6A419-AA35-4BFF-83D2-64F46130C5E5}.Debug|Any CPU.Build.0 = Debug|Any CPU
		{98F6A419-AA35-4BFF-83D2-64F46130C5E5}.Release|Any CPU.ActiveCfg = Release|Any CPU
		{98F6A419-AA35-4BFF-83D2-64F46130C5E5}.Release|Any CPU.Build.0 = Release|Any CPU
		{83E83A06-90D3-44AE-AE16-DBAB861229B5}.Debug|Any CPU.ActiveCfg = Debug|Any CPU
		{83E83A06-90D3-44AE-AE16-DBAB861229B5}.Debug|Any CPU.Build.0 = Debug|Any CPU
		{83E83A06-90D3-44AE-AE16-DBAB861229B5}.Release|Any CPU.ActiveCfg = Release|Any CPU
		{83E83A06-90D3-44AE-AE16-DBAB861229B5}.Release|Any CPU.Build.0 = Release|Any CPU
	EndGlobalSection
EndGlobal
